# THIS IS AN AUTOGENERATED FILE. DO NOT EDIT THIS FILE DIRECTLY.
# yarn lockfile v1


"@phosphor-icons/react@^2.1.7":
  version "2.1.7"
  resolved "https://registry.yarnpkg.com/@phosphor-icons/react/-/react-2.1.7.tgz#b11a4b25849b7e3849970b688d9fe91e5d4fd8d7"
  integrity sha512-g2e2eVAn1XG2a+LI09QU3IORLhnFNAFkNbo2iwbX6NOKSLOwvEMmTa7CgOzEbgNWR47z8i8kwjdvYZ5fkGx1mQ==
